
Microsoft Visual Studio Solution File, Format Version 12.00
# Visual Studio Version 17
VisualStudioVersion = 17.5.002.0
MinimumVisualStudioVersion = 10.0.40219.1
Project("{9A19103F-16F7-4668-BE54-9A1E7A4F7556}") = "lab1", "lab1\lab1.csproj", "{240297D7-531D-477D-8189-07D9F1B36754}"
EndProject
Project("{2150E333-8FDC-42A3-9474-1A3956D46DE8}") = "Solution Items", "Solution Items", "{F0CD1EF5-EE37-4760-A5D1-D9A5E23DE20B}"
	ProjectSection(SolutionItems) = preProject
		build.proj = build.proj
	EndProjectSection
EndProject
Project("{9A19103F-16F7-4668-BE54-9A1E7A4F7556}") = "lab1.tests", "lab1.tests\lab1.tests.csproj", "{06BCBDFA-AAD3-457D-9B66-79809BD46E1D}"
EndProject
Project("{9A19103F-16F7-4668-BE54-9A1E7A4F7556}") = "lab2", "lab2\lab2.csproj", "{9CB7A9CA-C118-4955-BFCB-C9B10E3DEA9F}"
EndProject
Project("{9A19103F-16F7-4668-BE54-9A1E7A4F7556}") = "lab2.tests", "lab2.tests\lab2.tests.csproj", "{3FA6247D-3417-40E9-85D2-2B9879051C8E}"
EndProject
Project("{FAE04EC0-301F-11D3-BF4B-00C04F79EFBC}") = "lab3", "lab3\lab3.csproj", "{CF191A63-82FA-4666-A7A4-F2CB4CF175CE}"
EndProject
Global
	GlobalSection(SolutionConfigurationPlatforms) = preSolution
		Debug|Any CPU = Debug|Any CPU
		Release|Any CPU = Release|Any CPU
	EndGlobalSection
	GlobalSection(ProjectConfigurationPlatforms) = postSolution
		{240297D7-531D-477D-8189-07D9F1B36754}.Debug|Any CPU.ActiveCfg = Debug|Any CPU
		{240297D7-531D-477D-8189-07D9F1B36754}.Debug|Any CPU.Build.0 = Debug|Any CPU
		{240297D7-531D-477D-8189-07D9F1B36754}.Release|Any CPU.ActiveCfg = Release|Any CPU
		{240297D7-531D-477D-8189-07D9F1B36754}.Release|Any CPU.Build.0 = Release|Any CPU
		{06BCBDFA-AAD3-457D-9B66-79809BD46E1D}.Debug|Any CPU.ActiveCfg = Debug|Any CPU
		{06BCBDFA-AAD3-457D-9B66-79809BD46E1D}.Debug|Any CPU.Build.0 = Debug|Any CPU
		{06BCBDFA-AAD3-457D-9B66-79809BD46E1D}.Release|Any CPU.ActiveCfg = Release|Any CPU
		{06BCBDFA-AAD3-457D-9B66-79809BD46E1D}.Release|Any CPU.Build.0 = Release|Any CPU
		{9CB7A9CA-C118-4955-BFCB-C9B10E3DEA9F}.Debug|Any CPU.ActiveCfg = Debug|Any CPU
		{9CB7A9CA-C118-4955-BFCB-C9B10E3DEA9F}.Debug|Any CPU.Build.0 = Debug|Any CPU
		{9CB7A9CA-C118-4955-BFCB-C9B10E3DEA9F}.Release|Any CPU.ActiveCfg = Release|Any CPU
		{9CB7A9CA-C118-4955-BFCB-C9B10E3DEA9F}.Release|Any CPU.Build.0 = Release|Any CPU
		{3FA6247D-3417-40E9-85D2-2B9879051C8E}.Debug|Any CPU.ActiveCfg = Debug|Any CPU
		{3FA6247D-3417-40E9-85D2-2B9879051C8E}.Debug|Any CPU.Build.0 = Debug|Any CPU
		{3FA6247D-3417-40E9-85D2-2B9879051C8E}.Release|Any CPU.ActiveCfg = Release|Any CPU
		{3FA6247D-3417-40E9-85D2-2B9879051C8E}.Release|Any CPU.Build.0 = Release|Any CPU
		{CF191A63-82FA-4666-A7A4-F2CB4CF175CE}.Debug|Any CPU.ActiveCfg = Debug|Any CPU
		{CF191A63-82FA-4666-A7A4-F2CB4CF175CE}.Debug|Any CPU.Build.0 = Debug|Any CPU
		{CF191A63-82FA-4666-A7A4-F2CB4CF175CE}.Release|Any CPU.ActiveCfg = Release|Any CPU
		{CF191A63-82FA-4666-A7A4-F2CB4CF175CE}.Release|Any CPU.Build.0 = Release|Any CPU
	EndGlobalSection
	GlobalSection(SolutionProperties) = preSolution
		HideSolutionNode = FALSE
	EndGlobalSection
	GlobalSection(ExtensibilityGlobals) = postSolution
		SolutionGuid = {BF9FC579-AD45-4C43-B83F-DA79301ADD36}
	EndGlobalSection
EndGlobal
